[[package]]
name = "appnope"
version = "0.1.3"
description = "Disable App Nap on macOS >= 10.9"
category = "main"
optional = false
python-versions = "*"

[[package]]
name = "argon2-cffi"
version = "21.3.0"
description = "The secure Argon2 password hashing algorithm."
category = "main"
optional = false
python-versions = ">=3.6"

[package.dependencies]
argon2-cffi-bindings = "*"

[package.extras]
dev = ["pre-commit", "cogapp", "tomli", "coverage[toml] (>=5.0.2)", "hypothesis", "pytest", "sphinx", "sphinx-notfound-page", "furo"]
docs = ["sphinx", "sphinx-notfound-page", "furo"]
tests = ["coverage[toml] (>=5.0.2)", "hypothesis", "pytest"]

[[package]]
name = "argon2-cffi-bindings"
version = "21.2.0"
description = "Low-level CFFI bindings for Argon2"
category = "main"
optional = false
python-versions = ">=3.6"

[package.dependencies]
cffi = ">=1.0.1"

[package.extras]
dev = ["pytest", "cogapp", "pre-commit", "wheel"]
tests = ["pytest"]

[[package]]
name = "asttokens"
version = "2.0.5"
description = "Annotate AST trees with source code positions"
category = "main"
optional = false
python-versions = "*"

[package.dependencies]
six = "*"

[package.extras]
test = ["astroid", "pytest"]

[[package]]
name = "attrs"
version = "21.4.0"
description = "Classes Without Boilerplate"
category = "main"
optional = false
python-versions = ">=2.7, !=3.0.*, !=3.1.*, !=3.2.*, !=3.3.*, !=3.4.*"

[package.extras]
dev = ["coverage[toml] (>=5.0.2)", "hypothesis", "pympler", "pytest (>=4.3.0)", "six", "mypy", "pytest-mypy-plugins", "zope.interface", "furo", "sphinx", "sphinx-notfound-page", "pre-commit", "cloudpickle"]
docs = ["furo", "sphinx", "zope.interface", "sphinx-notfound-page"]
tests = ["coverage[toml] (>=5.0.2)", "hypothesis", "pympler", "pytest (>=4.3.0)", "six", "mypy", "pytest-mypy-plugins", "zope.interface", "cloudpickle"]
tests_no_zope = ["coverage[toml] (>=5.0.2)", "hypothesis", "pympler", "pytest (>=4.3.0)", "six", "mypy", "pytest-mypy-plugins", "cloudpickle"]

[[package]]
name = "backcall"
version = "0.2.0"
description = "Specifications for callback functions passed in to an API"
category = "main"
optional = false
python-versions = "*"

[[package]]
name = "beautifulsoup4"
version = "4.11.1"
description = "Screen-scraping library"
category = "main"
optional = false
python-versions = ">=3.6.0"

[package.dependencies]
soupsieve = ">1.2"

[package.extras]
html5lib = ["html5lib"]
lxml = ["lxml"]

[[package]]
name = "bleach"
version = "5.0.1"
description = "An easy safelist-based HTML-sanitizing tool."
category = "main"
optional = false
python-versions = ">=3.7"

[package.dependencies]
six = ">=1.9.0"
webencodings = "*"

[package.extras]
css = ["tinycss2 (>=1.1.0,<1.2)"]
dev = ["build (==0.8.0)", "flake8 (==4.0.1)", "hashin (==0.17.0)", "pip-tools (==6.6.2)", "pytest (==7.1.2)", "Sphinx (==4.3.2)", "tox (==3.25.0)", "twine (==4.0.1)", "wheel (==0.37.1)", "black (==22.3.0)", "mypy (==0.961)"]

[[package]]
name = "certifi"
version = "2022.6.15"
description = "Python package for providing Mozilla's CA Bundle."
category = "main"
optional = false
python-versions = ">=3.6"

[[package]]
name = "cffi"
version = "1.15.1"
description = "Foreign Function Interface for Python calling C code."
category = "main"
optional = false
python-versions = "*"

[package.dependencies]
pycparser = "*"

[[package]]
name = "charset-normalizer"
version = "2.1.0"
description = "The Real First Universal Charset Detector. Open, modern and actively maintained alternative to Chardet."
category = "main"
optional = false
python-versions = ">=3.6.0"

[package.extras]
unicode_backport = ["unicodedata2"]

[[package]]
name = "cloudpickle"
version = "2.1.0"
description = "Extended pickling support for Python objects"
category = "main"
optional = false
python-versions = ">=3.6"

[[package]]
name = "colorama"
version = "0.4.5"
description = "Cross-platform colored terminal text."
category = "main"
optional = false
python-versions = ">=2.7, !=3.0.*, !=3.1.*, !=3.2.*, !=3.3.*, !=3.4.*"

[[package]]
name = "debugpy"
version = "1.6.2"
description = "An implementation of the Debug Adapter Protocol for Python"
category = "main"
optional = false
python-versions = ">=3.7"

[[package]]
name = "decorator"
version = "5.1.1"
description = "Decorators for Humans"
category = "main"
optional = false
python-versions = ">=3.5"

[[package]]
name = "defusedxml"
version = "0.7.1"
description = "XML bomb protection for Python stdlib modules"
category = "main"
optional = false
python-versions = ">=2.7, !=3.0.*, !=3.1.*, !=3.2.*, !=3.3.*, !=3.4.*"

[[package]]
name = "entrypoints"
version = "0.4"
description = "Discover and load entry points from installed packages."
category = "main"
optional = false
python-versions = ">=3.6"

[[package]]
name = "executing"
version = "0.8.3"
description = "Get the currently executing AST node of a frame, and other information"
category = "main"
optional = false
python-versions = "*"

[[package]]
name = "fastjsonschema"
version = "2.15.3"
description = "Fastest Python implementation of JSON schema"
category = "main"
optional = false
python-versions = "*"

[package.extras]
devel = ["colorama", "jsonschema", "json-spec", "pylint", "pytest", "pytest-benchmark", "pytest-cache", "validictory"]

[[package]]
name = "giskard"
version = "1.2.0"
description = "Inspect your AI models visually, find bugs, give feedback 🕵️‍♀️ 💬"
category = "main"
optional = false
python-versions = ">=3.7.1,<3.11"

[package.dependencies]
cloudpickle = ">=2.1.0,<3.0.0"
importlib_metadata = ">=4.11.4,<5.0.0"
ipywidgets = ">=7.7.0,<8.0.0"
jupyter-http-over-ws = ">=0.0.8,<0.0.9"
mixpanel = ">=4.9.0,<5.0.0"
numpy = ">=1.21.6,<2.0.0"
pandas = ">=1.3.5,<2.0.0"
pydantic = ">=1.9.1,<2.0.0"
python-dotenv = ">=0.17.1,<0.18.0"
requests-toolbelt = ">=0.9.1,<0.10.0"
scikit-learn = ">=1.0.2,<2.0.0"
types-requests = ">=2.27.30,<3.0.0"
typing-extensions = ">=3.10.0.2,<4.0.0.0"
zstandard = ">=0.15.2,<0.16.0"

[[package]]
name = "idna"
version = "3.3"
description = "Internationalized Domain Names in Applications (IDNA)"
category = "main"
optional = false
python-versions = ">=3.5"

[[package]]
name = "importlib-metadata"
version = "4.12.0"
description = "Read metadata from Python packages"
category = "main"
optional = false
python-versions = ">=3.7"

[package.dependencies]
zipp = ">=0.5"

[package.extras]
docs = ["sphinx", "jaraco.packaging (>=9)", "rst.linker (>=1.9)"]
perf = ["ipython"]
testing = ["pytest (>=6)", "pytest-checkdocs (>=2.4)", "pytest-flake8", "pytest-cov", "pytest-enabler (>=1.3)", "packaging", "pyfakefs", "flufl.flake8", "pytest-perf (>=0.9.2)", "pytest-black (>=0.3.7)", "pytest-mypy (>=0.9.1)", "importlib-resources (>=1.3)"]

[[package]]
name = "ipykernel"
version = "6.15.1"
description = "IPython Kernel for Jupyter"
category = "main"
optional = false
python-versions = ">=3.7"

[package.dependencies]
appnope = {version = "*", markers = "platform_system == \"Darwin\""}
debugpy = ">=1.0"
ipython = ">=7.23.1"
jupyter-client = ">=6.1.12"
matplotlib-inline = ">=0.1"
nest-asyncio = "*"
packaging = "*"
psutil = "*"
pyzmq = ">=17"
tornado = ">=6.1"
traitlets = ">=5.1.0"

[package.extras]
test = ["flaky", "ipyparallel", "pre-commit", "pytest-cov", "pytest-timeout", "pytest (>=6.0)"]

[[package]]
name = "ipython"
version = "8.4.0"
description = "IPython: Productive Interactive Computing"
category = "main"
optional = false
python-versions = ">=3.8"

[package.dependencies]
appnope = {version = "*", markers = "sys_platform == \"darwin\""}
backcall = "*"
colorama = {version = "*", markers = "sys_platform == \"win32\""}
decorator = "*"
jedi = ">=0.16"
matplotlib-inline = "*"
pexpect = {version = ">4.3", markers = "sys_platform != \"win32\""}
pickleshare = "*"
prompt-toolkit = ">=2.0.0,<3.0.0 || >3.0.0,<3.0.1 || >3.0.1,<3.1.0"
pygments = ">=2.4.0"
stack-data = "*"
traitlets = ">=5"

[package.extras]
all = ["black", "Sphinx (>=1.3)", "ipykernel", "nbconvert", "nbformat", "ipywidgets", "notebook", "ipyparallel", "qtconsole", "pytest (<7.1)", "pytest-asyncio", "testpath", "curio", "matplotlib (!=3.2.0)", "numpy (>=1.19)", "pandas", "trio"]
black = ["black"]
doc = ["Sphinx (>=1.3)"]
kernel = ["ipykernel"]
nbconvert = ["nbconvert"]
nbformat = ["nbformat"]
notebook = ["ipywidgets", "notebook"]
parallel = ["ipyparallel"]
qtconsole = ["qtconsole"]
test = ["pytest (<7.1)", "pytest-asyncio", "testpath"]
test_extra = ["pytest (<7.1)", "pytest-asyncio", "testpath", "curio", "matplotlib (!=3.2.0)", "nbformat", "numpy (>=1.19)", "pandas", "trio"]

[[package]]
name = "ipython-genutils"
version = "0.2.0"
description = "Vestigial utilities from IPython"
category = "main"
optional = false
python-versions = "*"

[[package]]
name = "ipywidgets"
version = "7.7.1"
description = "IPython HTML widgets for Jupyter"
category = "main"
optional = false
python-versions = "*"

[package.dependencies]
ipykernel = ">=4.5.1"
ipython = {version = ">=4.0.0", markers = "python_version >= \"3.3\""}
ipython-genutils = ">=0.2.0,<0.3.0"
jupyterlab-widgets = {version = ">=1.0.0", markers = "python_version >= \"3.6\""}
traitlets = ">=4.3.1"
widgetsnbextension = ">=3.6.0,<3.7.0"

[package.extras]
test = ["pytest (>=3.6.0)", "pytest-cov", "mock"]

[[package]]
name = "jedi"
version = "0.18.1"
description = "An autocompletion tool for Python that can be used for text editors."
category = "main"
optional = false
python-versions = ">=3.6"

[package.dependencies]
parso = ">=0.8.0,<0.9.0"

[package.extras]
qa = ["flake8 (==3.8.3)", "mypy (==0.782)"]
testing = ["Django (<3.1)", "colorama", "docopt", "pytest (<7.0.0)"]

[[package]]
name = "jinja2"
version = "3.1.2"
description = "A very fast and expressive template engine."
category = "main"
optional = false
python-versions = ">=3.7"

[package.dependencies]
MarkupSafe = ">=2.0"

[package.extras]
i18n = ["Babel (>=2.7)"]

[[package]]
name = "joblib"
version = "1.1.0"
description = "Lightweight pipelining with Python functions"
category = "main"
optional = false
python-versions = ">=3.6"

[[package]]
name = "jsonschema"
version = "4.7.2"
description = "An implementation of JSON Schema validation for Python"
category = "main"
optional = false
python-versions = ">=3.7"

[package.dependencies]
attrs = ">=17.4.0"
pyrsistent = ">=0.14.0,<0.17.0 || >0.17.0,<0.17.1 || >0.17.1,<0.17.2 || >0.17.2"

[package.extras]
format = ["fqdn", "idna", "isoduration", "jsonpointer (>1.13)", "rfc3339-validator", "rfc3987", "uri-template", "webcolors (>=1.11)"]
format-nongpl = ["fqdn", "idna", "isoduration", "jsonpointer (>1.13)", "rfc3339-validator", "rfc3986-validator (>0.1.0)", "uri-template", "webcolors (>=1.11)"]

[[package]]
name = "jupyter-client"
version = "7.3.4"
description = "Jupyter protocol implementation and client libraries"
category = "main"
optional = false
python-versions = ">=3.7"

[package.dependencies]
entrypoints = "*"
jupyter-core = ">=4.9.2"
nest-asyncio = ">=1.5.4"
python-dateutil = ">=2.8.2"
pyzmq = ">=23.0"
tornado = ">=6.0"
traitlets = "*"

[package.extras]
doc = ["ipykernel", "myst-parser", "sphinx-rtd-theme", "sphinx (>=1.3.6)", "sphinxcontrib-github-alt"]
test = ["codecov", "coverage", "ipykernel (>=6.5)", "ipython", "mypy", "pre-commit", "pytest", "pytest-asyncio (>=0.18)", "pytest-cov", "pytest-timeout"]

[[package]]
name = "jupyter-core"
version = "4.11.1"
description = "Jupyter core package. A base package on which Jupyter projects rely."
category = "main"
optional = false
python-versions = ">=3.7"

[package.dependencies]
pywin32 = {version = ">=1.0", markers = "sys_platform == \"win32\" and platform_python_implementation != \"PyPy\""}
traitlets = "*"

[package.extras]
test = ["ipykernel", "pre-commit", "pytest", "pytest-cov", "pytest-timeout"]

[[package]]
name = "jupyter-http-over-ws"
version = "0.0.8"
description = "Jupyter support for HTTP-over-ws"
category = "main"
optional = false
python-versions = "*"

[package.dependencies]
notebook = ">=5.0"
six = ">=1.6.0"
tornado = ">=4.5"

[[package]]
name = "jupyterlab-pygments"
version = "0.2.2"
description = "Pygments theme using JupyterLab CSS variables"
category = "main"
optional = false
python-versions = ">=3.7"

[[package]]
name = "jupyterlab-widgets"
version = "1.1.1"
description = "A JupyterLab extension."
category = "main"
optional = false
python-versions = ">=3.6"

[[package]]
name = "markupsafe"
version = "2.1.1"
description = "Safely add untrusted strings to HTML/XML markup."
category = "main"
optional = false
python-versions = ">=3.7"

[[package]]
name = "matplotlib-inline"
version = "0.1.3"
description = "Inline Matplotlib backend for Jupyter"
category = "main"
optional = false
python-versions = ">=3.5"

[package.dependencies]
traitlets = "*"

[[package]]
name = "mistune"
version = "0.8.4"
description = "The fastest markdown parser in pure Python"
category = "main"
optional = false
python-versions = "*"

[[package]]
name = "mixpanel"
version = "4.9.0"
description = "Official Mixpanel library for Python"
category = "main"
optional = false
python-versions = ">=2.7, !=3.4.*"

[package.dependencies]
requests = ">=2.4.2"
six = ">=1.9.0"
urllib3 = "*"

[[package]]
name = "nbclient"
version = "0.6.6"
description = "A client library for executing notebooks. Formerly nbconvert's ExecutePreprocessor."
category = "main"
optional = false
python-versions = ">=3.7.0"

[package.dependencies]
jupyter-client = ">=6.1.5"
nbformat = ">=5.0"
nest-asyncio = "*"
traitlets = ">=5.2.2"

[package.extras]
sphinx = ["autodoc-traits", "mock", "moto", "myst-parser", "Sphinx (>=1.7)", "sphinx-book-theme"]
test = ["black", "check-manifest", "flake8", "ipykernel", "ipython (<8.0.0)", "ipywidgets (<8.0.0)", "mypy", "pip (>=18.1)", "pre-commit", "pytest (>=4.1)", "pytest-asyncio", "pytest-cov (>=2.6.1)", "setuptools (>=60.0)", "testpath", "twine (>=1.11.0)", "xmltodict"]

[[package]]
name = "nbconvert"
version = "6.5.0"
description = "Converting Jupyter Notebooks"
category = "main"
optional = false
python-versions = ">=3.7"

[package.dependencies]
beautifulsoup4 = "*"
bleach = "*"
defusedxml = "*"
entrypoints = ">=0.2.2"
jinja2 = ">=3.0"
jupyter-core = ">=4.7"
jupyterlab-pygments = "*"
MarkupSafe = ">=2.0"
mistune = ">=0.8.1,<2"
nbclient = ">=0.5.0"
nbformat = ">=5.1"
packaging = "*"
pandocfilters = ">=1.4.1"
pygments = ">=2.4.1"
tinycss2 = "*"
traitlets = ">=5.0"

[package.extras]
all = ["pytest", "pytest-cov", "pytest-dependency", "ipykernel", "ipywidgets (>=7)", "pre-commit", "pyppeteer (>=1,<1.1)", "tornado (>=6.1)", "sphinx (>=1.5.1)", "sphinx-rtd-theme", "nbsphinx (>=0.2.12)", "ipython"]
docs = ["sphinx (>=1.5.1)", "sphinx-rtd-theme", "nbsphinx (>=0.2.12)", "ipython"]
serve = ["tornado (>=6.1)"]
test = ["pytest", "pytest-cov", "pytest-dependency", "ipykernel", "ipywidgets (>=7)", "pre-commit", "pyppeteer (>=1,<1.1)"]
webpdf = ["pyppeteer (>=1,<1.1)"]

[[package]]
name = "nbformat"
version = "5.4.0"
description = "The Jupyter Notebook format"
category = "main"
optional = false
python-versions = ">=3.7"

[package.dependencies]
fastjsonschema = "*"
jsonschema = ">=2.6"
jupyter-core = "*"
traitlets = ">=5.1"

[package.extras]
test = ["check-manifest", "testpath", "pytest", "pre-commit"]

[[package]]
name = "nest-asyncio"
version = "1.5.5"
description = "Patch asyncio to allow nested event loops"
category = "main"
optional = false
python-versions = ">=3.5"

[[package]]
name = "notebook"
version = "6.4.12"
description = "A web-based notebook environment for interactive computing"
category = "main"
optional = false
python-versions = ">=3.7"

[package.dependencies]
argon2-cffi = "*"
ipykernel = "*"
ipython-genutils = "*"
jinja2 = "*"
jupyter-client = ">=5.3.4"
jupyter-core = ">=4.6.1"
nbconvert = ">=5"
nbformat = "*"
nest-asyncio = ">=1.5"
prometheus-client = "*"
pyzmq = ">=17"
Send2Trash = ">=1.8.0"
terminado = ">=0.8.3"
tornado = ">=6.1"
traitlets = ">=4.2.1"

[package.extras]
docs = ["sphinx", "nbsphinx", "sphinxcontrib-github-alt", "sphinx-rtd-theme", "myst-parser"]
json-logging = ["json-logging"]
test = ["pytest", "coverage", "requests", "testpath", "nbval", "selenium", "pytest-cov", "requests-unixsocket"]

[[package]]
name = "numpy"
version = "1.23.0"
description = "NumPy is the fundamental package for array computing with Python."
category = "main"
optional = false
python-versions = ">=3.8"

[[package]]
name = "packaging"
version = "21.3"
description = "Core utilities for Python packages"
category = "main"
optional = false
python-versions = ">=3.6"

[package.dependencies]
pyparsing = ">=2.0.2,<3.0.5 || >3.0.5"

[[package]]
name = "pandas"
version = "1.4.3"
description = "Powerful data structures for data analysis, time series, and statistics"
category = "main"
optional = false
python-versions = ">=3.8"

[package.dependencies]
numpy = [
    {version = ">=1.18.5", markers = "platform_machine != \"aarch64\" and platform_machine != \"arm64\" and python_version < \"3.10\""},
    {version = ">=1.19.2", markers = "platform_machine == \"aarch64\" and python_version < \"3.10\""},
    {version = ">=1.20.0", markers = "platform_machine == \"arm64\" and python_version < \"3.10\""},
    {version = ">=1.21.0", markers = "python_version >= \"3.10\""},
]
python-dateutil = ">=2.8.1"
pytz = ">=2020.1"

[package.extras]
test = ["hypothesis (>=5.5.3)", "pytest (>=6.0)", "pytest-xdist (>=1.31)"]

[[package]]
name = "pandocfilters"
version = "1.5.0"
description = "Utilities for writing pandoc filters in python"
category = "main"
optional = false
python-versions = ">=2.7, !=3.0.*, !=3.1.*, !=3.2.*, !=3.3.*"

[[package]]
name = "parso"
version = "0.8.3"
description = "A Python Parser"
category = "main"
optional = false
python-versions = ">=3.6"

[package.extras]
qa = ["flake8 (==3.8.3)", "mypy (==0.782)"]
testing = ["docopt", "pytest (<6.0.0)"]

[[package]]
name = "pexpect"
version = "4.8.0"
description = "Pexpect allows easy control of interactive console applications."
category = "main"
optional = false
python-versions = "*"

[package.dependencies]
ptyprocess = ">=0.5"

[[package]]
name = "pickleshare"
version = "0.7.5"
description = "Tiny 'shelve'-like database with concurrency support"
category = "main"
optional = false
python-versions = "*"

[[package]]
name = "prometheus-client"
version = "0.14.1"
description = "Python client for the Prometheus monitoring system."
category = "main"
optional = false
python-versions = ">=3.6"

[package.extras]
twisted = ["twisted"]

[[package]]
name = "prompt-toolkit"
version = "3.0.30"
description = "Library for building powerful interactive command lines in Python"
category = "main"
optional = false
python-versions = ">=3.6.2"

[package.dependencies]
wcwidth = "*"

[[package]]
name = "psutil"
version = "5.9.1"
description = "Cross-platform lib for process and system monitoring in Python."
category = "main"
optional = false
python-versions = ">=2.7, !=3.0.*, !=3.1.*, !=3.2.*, !=3.3.*"

[package.extras]
test = ["ipaddress", "mock", "enum34", "pywin32", "wmi"]

[[package]]
name = "ptyprocess"
version = "0.7.0"
description = "Run a subprocess in a pseudo terminal"
category = "main"
optional = false
python-versions = "*"

[[package]]
name = "pure-eval"
version = "0.2.2"
description = "Safely evaluate AST nodes without side effects"
category = "main"
optional = false
python-versions = "*"

[package.extras]
tests = ["pytest"]

[[package]]
name = "py"
version = "1.11.0"
description = "library with cross-python path, ini-parsing, io, code, log facilities"
category = "main"
optional = false
python-versions = ">=2.7, !=3.0.*, !=3.1.*, !=3.2.*, !=3.3.*, !=3.4.*"

[[package]]
name = "pycparser"
version = "2.21"
description = "C parser in Python"
category = "main"
optional = false
python-versions = ">=2.7, !=3.0.*, !=3.1.*, !=3.2.*, !=3.3.*"

[[package]]
name = "pydantic"
version = "1.9.1"
description = "Data validation and settings management using python type hints"
category = "main"
optional = false
python-versions = ">=3.6.1"

[package.dependencies]
typing-extensions = ">=3.7.4.3"

[package.extras]
dotenv = ["python-dotenv (>=0.10.4)"]
email = ["email-validator (>=1.0.3)"]

[[package]]
name = "pygments"
version = "2.12.0"
description = "Pygments is a syntax highlighting package written in Python."
category = "main"
optional = false
python-versions = ">=3.6"

[[package]]
name = "pyparsing"
version = "3.0.9"
description = "pyparsing module - Classes and methods to define and execute parsing grammars"
category = "main"
optional = false
python-versions = ">=3.6.8"

[package.extras]
diagrams = ["railroad-diagrams", "jinja2"]

[[package]]
name = "pyrsistent"
version = "0.18.1"
description = "Persistent/Functional/Immutable data structures"
category = "main"
optional = false
python-versions = ">=3.7"

[[package]]
name = "python-dateutil"
version = "2.8.2"
description = "Extensions to the standard Python datetime module"
category = "main"
optional = false
python-versions = "!=3.0.*,!=3.1.*,!=3.2.*,>=2.7"

[package.dependencies]
six = ">=1.5"

[[package]]
name = "python-dotenv"
version = "0.17.1"
description = "Read key-value pairs from a .env file and set them as environment variables"
category = "main"
optional = false
python-versions = "*"

[package.extras]
cli = ["click (>=5.0)"]

[[package]]
name = "pytz"
version = "2022.1"
description = "World timezone definitions, modern and historical"
category = "main"
optional = false
python-versions = "*"

[[package]]
name = "pywin32"
version = "304"
description = "Python for Window Extensions"
category = "main"
optional = false
python-versions = "*"

[[package]]
name = "pywinpty"
version = "2.0.6"
description = "Pseudo terminal support for Windows from Python."
category = "main"
optional = false
python-versions = ">=3.7"

[[package]]
name = "pyzmq"
version = "23.2.0"
description = "Python bindings for 0MQ"
category = "main"
optional = false
python-versions = ">=3.6"

[package.dependencies]
cffi = {version = "*", markers = "implementation_name == \"pypy\""}
py = {version = "*", markers = "implementation_name == \"pypy\""}

[[package]]
name = "requests"
version = "2.28.1"
description = "Python HTTP for Humans."
category = "main"
optional = false
python-versions = ">=3.7, <4"

[package.dependencies]
certifi = ">=2017.4.17"
charset-normalizer = ">=2,<3"
idna = ">=2.5,<4"
urllib3 = ">=1.21.1,<1.27"

[package.extras]
socks = ["PySocks (>=1.5.6,!=1.5.7)"]
use_chardet_on_py3 = ["chardet (>=3.0.2,<6)"]

[[package]]
name = "requests-toolbelt"
version = "0.9.1"
description = "A utility belt for advanced users of python-requests"
category = "main"
optional = false
python-versions = "*"

[package.dependencies]
requests = ">=2.0.1,<3.0.0"

[[package]]
name = "scikit-learn"
version = "1.1.1"
description = "A set of python modules for machine learning and data mining"
category = "main"
optional = false
python-versions = ">=3.8"

[package.dependencies]
joblib = ">=1.0.0"
numpy = ">=1.17.3"
scipy = ">=1.3.2"
threadpoolctl = ">=2.0.0"

[package.extras]
benchmark = ["matplotlib (>=3.1.2)", "pandas (>=1.0.5)", "memory-profiler (>=0.57.0)"]
docs = ["matplotlib (>=3.1.2)", "scikit-image (>=0.14.5)", "pandas (>=1.0.5)", "seaborn (>=0.9.0)", "memory-profiler (>=0.57.0)", "sphinx (>=4.0.1)", "sphinx-gallery (>=0.7.0)", "numpydoc (>=1.2.0)", "Pillow (>=7.1.2)", "sphinx-prompt (>=1.3.0)", "sphinxext-opengraph (>=0.4.2)"]
examples = ["matplotlib (>=3.1.2)", "scikit-image (>=0.14.5)", "pandas (>=1.0.5)", "seaborn (>=0.9.0)"]
tests = ["matplotlib (>=3.1.2)", "scikit-image (>=0.14.5)", "pandas (>=1.0.5)", "pytest (>=5.0.1)", "pytest-cov (>=2.9.0)", "flake8 (>=3.8.2)", "black (>=22.3.0)", "mypy (>=0.770)", "pyamg (>=4.0.0)", "numpydoc (>=1.2.0)"]

[[package]]
name = "scipy"
version = "1.8.1"
description = "SciPy: Scientific Library for Python"
category = "main"
optional = false
python-versions = ">=3.8,<3.11"

[package.dependencies]
numpy = ">=1.17.3,<1.25.0"

[[package]]
name = "send2trash"
version = "1.8.0"
description = "Send file to trash natively under Mac OS X, Windows and Linux."
category = "main"
optional = false
python-versions = "*"

[package.extras]
nativelib = ["pyobjc-framework-cocoa", "pywin32"]
objc = ["pyobjc-framework-cocoa"]
win32 = ["pywin32"]

[[package]]
name = "six"
version = "1.16.0"
description = "Python 2 and 3 compatibility utilities"
category = "main"
optional = false
python-versions = ">=2.7, !=3.0.*, !=3.1.*, !=3.2.*"

[[package]]
name = "soupsieve"
version = "2.3.2.post1"
description = "A modern CSS selector implementation for Beautiful Soup."
category = "main"
optional = false
python-versions = ">=3.6"

[[package]]
name = "stack-data"
version = "0.3.0"
description = "Extract data from python stack frames and tracebacks for informative displays"
category = "main"
optional = false
python-versions = "*"

[package.dependencies]
asttokens = "*"
executing = "*"
pure-eval = "*"

[package.extras]
tests = ["pytest", "typeguard", "pygments", "littleutils", "cython"]

[[package]]
name = "terminado"
version = "0.15.0"
description = "Tornado websocket backend for the Xterm.js Javascript terminal emulator library."
category = "main"
optional = false
python-versions = ">=3.7"

[package.dependencies]
ptyprocess = {version = "*", markers = "os_name != \"nt\""}
pywinpty = {version = ">=1.1.0", markers = "os_name == \"nt\""}
tornado = ">=6.1.0"

[package.extras]
test = ["pre-commit", "pytest-timeout", "pytest (>=6.0)"]

[[package]]
name = "threadpoolctl"
version = "3.1.0"
description = "threadpoolctl"
category = "main"
optional = false
python-versions = ">=3.6"

[[package]]
name = "tinycss2"
version = "1.1.1"
description = "A tiny CSS parser"
category = "main"
optional = false
python-versions = ">=3.6"

[package.dependencies]
webencodings = ">=0.4"

[package.extras]
doc = ["sphinx", "sphinx-rtd-theme"]
test = ["pytest", "pytest-cov", "pytest-flake8", "pytest-isort", "coverage"]

[[package]]
name = "tornado"
version = "6.2"
description = "Tornado is a Python web framework and asynchronous networking library, originally developed at FriendFeed."
category = "main"
optional = false
python-versions = ">= 3.7"

[[package]]
name = "traitlets"
version = "5.3.0"
description = ""
category = "main"
optional = false
python-versions = ">=3.7"

[package.extras]
test = ["pre-commit", "pytest"]

[[package]]
name = "types-requests"
version = "2.28.1"
description = "Typing stubs for requests"
category = "main"
optional = false
python-versions = "*"

[package.dependencies]
types-urllib3 = "<1.27"

[[package]]
name = "types-urllib3"
version = "1.26.16"
description = "Typing stubs for urllib3"
category = "main"
optional = false
python-versions = "*"

[[package]]
name = "typing-extensions"
version = "3.10.0.2"
description = "Backported and Experimental Type Hints for Python 3.5+"
category = "main"
optional = false
python-versions = "*"

[[package]]
name = "urllib3"
version = "1.26.10"
description = "HTTP library with thread-safe connection pooling, file post, and more."
category = "main"
optional = false
python-versions = ">=2.7, !=3.0.*, !=3.1.*, !=3.2.*, !=3.3.*, !=3.4.*, !=3.5.*, <4"

[package.extras]
brotli = ["brotlicffi (>=0.8.0)", "brotli (>=1.0.9)", "brotlipy (>=0.6.0)"]
secure = ["pyOpenSSL (>=0.14)", "cryptography (>=1.3.4)", "idna (>=2.0.0)", "certifi", "ipaddress"]
socks = ["PySocks (>=1.5.6,!=1.5.7,<2.0)"]

[[package]]
name = "wcwidth"
version = "0.2.5"
description = "Measures the displayed width of unicode strings in a terminal"
category = "main"
optional = false
python-versions = "*"

[[package]]
name = "webencodings"
version = "0.5.1"
description = "Character encoding aliases for legacy web content"
category = "main"
optional = false
python-versions = "*"

[[package]]
name = "widgetsnbextension"
version = "3.6.1"
description = "IPython HTML widgets for Jupyter"
category = "main"
optional = false
python-versions = "*"

[package.dependencies]
notebook = ">=4.4.1"

[[package]]
name = "zipp"
version = "3.8.1"
description = "Backport of pathlib-compatible object wrapper for zip files"
category = "main"
optional = false
python-versions = ">=3.7"

[package.extras]
docs = ["sphinx", "jaraco.packaging (>=9)", "rst.linker (>=1.9)", "jaraco.tidelift (>=1.4)"]
testing = ["pytest (>=6)", "pytest-checkdocs (>=2.4)", "pytest-flake8", "pytest-cov", "pytest-enabler (>=1.3)", "jaraco.itertools", "func-timeout", "pytest-black (>=0.3.7)", "pytest-mypy (>=0.9.1)"]

[[package]]
name = "zstandard"
version = "0.15.2"
description = "Zstandard bindings for Python"
category = "main"
optional = false
python-versions = ">=3.5"

[package.dependencies]
cffi = {version = ">=1.11", markers = "platform_python_implementation == \"PyPy\""}

[package.extras]
cffi = ["cffi (>=1.11)"]

[metadata]
lock-version = "1.1"
python-versions = ">=3.9,<3.11"
content-hash = "a868afe4d3e5acf86475eb1ff5ef21f6ad6e9d74b6bd86f751bf566fec66dcbf"

[metadata.files]
appnope = []
argon2-cffi = []
argon2-cffi-bindings = []
asttokens = []
attrs = []
backcall = [
    {file = "backcall-0.2.0-py2.py3-none-any.whl", hash = "sha256:fbbce6a29f263178a1f7915c1940bde0ec2b2a967566fe1c65c1dfb7422bd255"},
    {file = "backcall-0.2.0.tar.gz", hash = "sha256:5cbdbf27be5e7cfadb448baf0aa95508f91f2bbc6c6437cd9cd06e2a4c215e1e"},
]
beautifulsoup4 = []
bleach = []
certifi = []
cffi = []
charset-normalizer = []
cloudpickle = []
colorama = []
debugpy = []
decorator = []
defusedxml = [
    {file = "defusedxml-0.7.1-py2.py3-none-any.whl", hash = "sha256:a352e7e428770286cc899e2542b6cdaedb2b4953ff269a210103ec58f6198a61"},
    {file = "defusedxml-0.7.1.tar.gz", hash = "sha256:1bb3032db185915b62d7c6209c5a8792be6a32ab2fedacc84e01b52c51aa3e69"},
]
entrypoints = []
executing = []
fastjsonschema = []
giskard = []
idna = []
importlib-metadata = []
ipykernel = []
ipython = []
ipython-genutils = [
    {file = "ipython_genutils-0.2.0-py2.py3-none-any.whl", hash = "sha256:72dd37233799e619666c9f639a9da83c34013a73e8bbc79a7a6348d93c61fab8"},
    {file = "ipython_genutils-0.2.0.tar.gz", hash = "sha256:eb2e116e75ecef9d4d228fdc66af54269afa26ab4463042e33785b887c628ba8"},
]
ipywidgets = []
jedi = []
jinja2 = []
joblib = []
jsonschema = []
jupyter-client = []
jupyter-core = []
jupyter-http-over-ws = [
    {file = "jupyter_http_over_ws-0.0.8-py2.py3-none-any.whl", hash = "sha256:3052a94929d9fb41e4fe33fc22c569e81e018b9454a923bd818599bf62ffd85a"},
    {file = "jupyter_http_over_ws-0.0.8.tar.gz", hash = "sha256:b0aa1e7902d3808a698d4853f6dfe12fd02a0d9cb3851db3bf59703106d44a80"},
]
jupyterlab-pygments = []
jupyterlab-widgets = []
markupsafe = []
matplotlib-inline = [
    {file = "matplotlib-inline-0.1.3.tar.gz", hash = "sha256:a04bfba22e0d1395479f866853ec1ee28eea1485c1d69a6faf00dc3e24ff34ee"},
    {file = "matplotlib_inline-0.1.3-py3-none-any.whl", hash = "sha256:aed605ba3b72462d64d475a21a9296f400a19c4f74a31b59103d2a99ffd5aa5c"},
]
mistune = [
    {file = "mistune-0.8.4-py2.py3-none-any.whl", hash = "sha256:88a1051873018da288eee8538d476dffe1262495144b33ecb586c4ab266bb8d4"},
    {file = "mistune-0.8.4.tar.gz", hash = "sha256:59a3429db53c50b5c6bcc8a07f8848cb00d7dc8bdb431a4ab41920d201d4756e"},
]
mixpanel = []
nbclient = []
nbconvert = []
nbformat = []
nest-asyncio = []
notebook = []
numpy = []
packaging = []
pandas = []
pandocfilters = [
    {file = "pandocfilters-1.5.0-py2.py3-none-any.whl", hash = "sha256:33aae3f25fd1a026079f5d27bdd52496f0e0803b3469282162bafdcbdf6ef14f"},
    {file = "pandocfilters-1.5.0.tar.gz", hash = "sha256:0b679503337d233b4339a817bfc8c50064e2eff681314376a47cb582305a7a38"},
]
parso = []
pexpect = [
    {file = "pexpect-4.8.0-py2.py3-none-any.whl", hash = "sha256:0b48a55dcb3c05f3329815901ea4fc1537514d6ba867a152b581d69ae3710937"},
    {file = "pexpect-4.8.0.tar.gz", hash = "sha256:fc65a43959d153d0114afe13997d439c22823a27cefceb5ff35c2178c6784c0c"},
]
pickleshare = [
    {file = "pickleshare-0.7.5-py2.py3-none-any.whl", hash = "sha256:9649af414d74d4df115d5d718f82acb59c9d418196b7b4290ed47a12ce62df56"},
    {file = "pickleshare-0.7.5.tar.gz", hash = "sha256:87683d47965c1da65cdacaf31c8441d12b8044cdec9aca500cd78fc2c683afca"},
]
prometheus-client = []
prompt-toolkit = []
psutil = []
ptyprocess = [
    {file = "ptyprocess-0.7.0-py2.py3-none-any.whl", hash = "sha256:4b41f3967fce3af57cc7e94b888626c18bf37a083e3651ca8feeb66d492fef35"},
    {file = "ptyprocess-0.7.0.tar.gz", hash = "sha256:5c5d0a3b48ceee0b48485e0c26037c0acd7d29765ca3fbb5cb3831d347423220"},
]
pure-eval = []
py = []
pycparser = []
pydantic = []
pygments = []
pyparsing = []
pyrsistent = []
python-dateutil = [
    {file = "python-dateutil-2.8.2.tar.gz", hash = "sha256:0123cacc1627ae19ddf3c27a5de5bd67ee4586fbdd6440d9748f8abb483d3e86"},
    {file = "python_dateutil-2.8.2-py2.py3-none-any.whl", hash = "sha256:961d03dc3453ebbc59dbdea9e4e11c5651520a876d0f4db161e8674aae935da9"},
]
python-dotenv = [
    {file = "python-dotenv-0.17.1.tar.gz", hash = "sha256:b1ae5e9643d5ed987fc57cc2583021e38db531946518130777734f9589b3141f"},
    {file = "python_dotenv-0.17.1-py2.py3-none-any.whl", hash = "sha256:00aa34e92d992e9f8383730816359647f358f4a3be1ba45e5a5cefd27ee91544"},
]
pytz = []
pywin32 = []
pywinpty = []
pyzmq = []
requests = []
requests-toolbelt = []
scikit-learn = []
scipy = []
send2trash = [
    {file = "Send2Trash-1.8.0-py3-none-any.whl", hash = "sha256:f20eaadfdb517eaca5ce077640cb261c7d2698385a6a0f072a4a5447fd49fa08"},
    {file = "Send2Trash-1.8.0.tar.gz", hash = "sha256:d2c24762fd3759860a0aff155e45871447ea58d2be6bdd39b5c8f966a0c99c2d"},
]
six = [
    {file = "six-1.16.0-py2.py3-none-any.whl", hash = "sha256:8abb2f1d86890a2dfb989f9a77cfcfd3e47c2a354b01111771326f8aa26e0254"},
    {file = "six-1.16.0.tar.gz", hash = "sha256:1e61c37477a1626458e36f7b1d82aa5c9b094fa4802892072e49de9c60c4c926"},
]
soupsieve = []
stack-data = []
terminado = []
threadpoolctl = []
tinycss2 = []
tornado = []
traitlets = []
types-requests = []
types-urllib3 = []
typing-extensions = [
    {file = "typing_extensions-3.10.0.2-py2-none-any.whl", hash = "sha256:d8226d10bc02a29bcc81df19a26e56a9647f8b0a6d4a83924139f4a8b01f17b7"},
    {file = "typing_extensions-3.10.0.2-py3-none-any.whl", hash = "sha256:f1d25edafde516b146ecd0613dabcc61409817af4766fbbcfb8d1ad4ec441a34"},
    {file = "typing_extensions-3.10.0.2.tar.gz", hash = "sha256:49f75d16ff11f1cd258e1b988ccff82a3ca5570217d7ad8c5f48205dd99a677e"},
]
urllib3 = []
wcwidth = [
    {file = "wcwidth-0.2.5-py2.py3-none-any.whl", hash = "sha256:beb4802a9cebb9144e99086eff703a642a13d6a0052920003a230f3294bbe784"},
    {file = "wcwidth-0.2.5.tar.gz", hash = "sha256:c4d647b99872929fdb7bdcaa4fbe7f01413ed3d98077df798530e5b04f116c83"},
]
webencodings = [
    {file = "webencodings-0.5.1-py2.py3-none-any.whl", hash = "sha256:a0af1213f3c2226497a97e2b3aa01a7e4bee4f403f95be16fc9acd2947514a78"},
    {file = "webencodings-0.5.1.tar.gz", hash = "sha256:b36a1c245f2d304965eb4e0a82848379241dc04b865afcc4aab16748587e1923"},
]
widgetsnbextension = []
zipp = []
zstandard = [
    {file = "zstandard-0.15.2-cp35-cp35m-macosx_10_9_x86_64.whl", hash = "sha256:7b16bd74ae7bfbaca407a127e11058b287a4267caad13bd41305a5e630472549"},
    {file = "zstandard-0.15.2-cp35-cp35m-manylinux1_i686.whl", hash = "sha256:8baf7991547441458325ca8fafeae79ef1501cb4354022724f3edd62279c5b2b"},
    {file = "zstandard-0.15.2-cp35-cp35m-manylinux1_x86_64.whl", hash = "sha256:5752f44795b943c99be367fee5edf3122a1690b0d1ecd1bd5ec94c7fd2c39c94"},
    {file = "zstandard-0.15.2-cp35-cp35m-manylinux2010_i686.whl", hash = "sha256:3547ff4eee7175d944a865bbdf5529b0969c253e8a148c287f0668fe4eb9c935"},
    {file = "zstandard-0.15.2-cp35-cp35m-manylinux2010_x86_64.whl", hash = "sha256:ac43c1821ba81e9344d818c5feed574a17f51fca27976ff7d022645c378fbbf5"},
    {file = "zstandard-0.15.2-cp35-cp35m-manylinux2014_i686.whl", hash = "sha256:1fb23b1754ce834a3a1a1e148cc2faad76eeadf9d889efe5e8199d3fb839d3c6"},
    {file = "zstandard-0.15.2-cp35-cp35m-manylinux2014_x86_64.whl", hash = "sha256:1faefe33e3d6870a4dce637bcb41f7abb46a1872a595ecc7b034016081c37543"},
    {file = "zstandard-0.15.2-cp35-cp35m-win32.whl", hash = "sha256:b7d3a484ace91ed827aa2ef3b44895e2ec106031012f14d28bd11a55f24fa734"},
    {file = "zstandard-0.15.2-cp35-cp35m-win_amd64.whl", hash = "sha256:ff5b75f94101beaa373f1511319580a010f6e03458ee51b1a386d7de5331440a"},
    {file = "zstandard-0.15.2-cp36-cp36m-macosx_10_9_x86_64.whl", hash = "sha256:c9e2dcb7f851f020232b991c226c5678dc07090256e929e45a89538d82f71d2e"},
    {file = "zstandard-0.15.2-cp36-cp36m-manylinux1_i686.whl", hash = "sha256:4800ab8ec94cbf1ed09c2b4686288750cab0642cb4d6fba2a56db66b923aeb92"},
    {file = "zstandard-0.15.2-cp36-cp36m-manylinux1_x86_64.whl", hash = "sha256:ec58e84d625553d191a23d5988a19c3ebfed519fff2a8b844223e3f074152163"},
    {file = "zstandard-0.15.2-cp36-cp36m-manylinux2010_i686.whl", hash = "sha256:bd3c478a4a574f412efc58ba7e09ab4cd83484c545746a01601636e87e3dbf23"},
    {file = "zstandard-0.15.2-cp36-cp36m-manylinux2010_x86_64.whl", hash = "sha256:6f5d0330bc992b1e267a1b69fbdbb5ebe8c3a6af107d67e14c7a5b1ede2c5945"},
    {file = "zstandard-0.15.2-cp36-cp36m-manylinux2014_i686.whl", hash = "sha256:b4963dad6cf28bfe0b61c3265d1c74a26a7605df3445bfcd3ba25de012330b2d"},
    {file = "zstandard-0.15.2-cp36-cp36m-manylinux2014_x86_64.whl", hash = "sha256:77d26452676f471223571efd73131fd4a626622c7960458aab2763e025836fc5"},
    {file = "zstandard-0.15.2-cp36-cp36m-win32.whl", hash = "sha256:6ffadd48e6fe85f27ca3ca10cfd3ef3d0f933bef7316870285ffeb58d791ca9c"},
    {file = "zstandard-0.15.2-cp36-cp36m-win_amd64.whl", hash = "sha256:92d49cc3b49372cfea2d42f43a2c16a98a32a6bc2f42abcde121132dbfc2f023"},
    {file = "zstandard-0.15.2-cp37-cp37m-macosx_10_9_x86_64.whl", hash = "sha256:af5a011609206e390b44847da32463437505bf55fd8985e7a91c52d9da338d4b"},
    {file = "zstandard-0.15.2-cp37-cp37m-manylinux1_i686.whl", hash = "sha256:31e35790434da54c106f05fa93ab4d0fab2798a6350e8a73928ec602e8505836"},
    {file = "zstandard-0.15.2-cp37-cp37m-manylinux1_x86_64.whl", hash = "sha256:a4f8af277bb527fa3d56b216bda4da931b36b2d3fe416b6fc1744072b2c1dbd9"},
    {file = "zstandard-0.15.2-cp37-cp37m-manylinux2010_i686.whl", hash = "sha256:72a011678c654df8323aa7b687e3147749034fdbe994d346f139ab9702b59cea"},
    {file = "zstandard-0.15.2-cp37-cp37m-manylinux2010_x86_64.whl", hash = "sha256:5d53f02aeb8fdd48b88bc80bece82542d084fb1a7ba03bf241fd53b63aee4f22"},
    {file = "zstandard-0.15.2-cp37-cp37m-manylinux2014_i686.whl", hash = "sha256:f8bb00ced04a8feff05989996db47906673ed45b11d86ad5ce892b5741e5f9dd"},
    {file = "zstandard-0.15.2-cp37-cp37m-manylinux2014_x86_64.whl", hash = "sha256:7a88cc773ffe55992ff7259a8df5fb3570168d7138c69aadba40142d0e5ce39a"},
    {file = "zstandard-0.15.2-cp37-cp37m-win32.whl", hash = "sha256:1c5ef399f81204fbd9f0df3debf80389fd8aa9660fe1746d37c80b0d45f809e9"},
    {file = "zstandard-0.15.2-cp37-cp37m-win_amd64.whl", hash = "sha256:22f127ff5da052ffba73af146d7d61db874f5edb468b36c9cb0b857316a21b3d"},
    {file = "zstandard-0.15.2-cp38-cp38-macosx_10_9_x86_64.whl", hash = "sha256:9867206093d7283d7de01bd2bf60389eb4d19b67306a0a763d1a8a4dbe2fb7c3"},
    {file = "zstandard-0.15.2-cp38-cp38-macosx_11_0_arm64.whl", hash = "sha256:f98fc5750aac2d63d482909184aac72a979bfd123b112ec53fd365104ea15b1c"},
    {file = "zstandard-0.15.2-cp38-cp38-manylinux1_i686.whl", hash = "sha256:3fe469a887f6142cc108e44c7f42c036e43620ebaf500747be2317c9f4615d4f"},
    {file = "zstandard-0.15.2-cp38-cp38-manylinux1_x86_64.whl", hash = "sha256:edde82ce3007a64e8434ccaf1b53271da4f255224d77b880b59e7d6d73df90c8"},
    {file = "zstandard-0.15.2-cp38-cp38-manylinux2010_i686.whl", hash = "sha256:855d95ec78b6f0ff66e076d5461bf12d09d8e8f7e2b3fc9de7236d1464fd730e"},
    {file = "zstandard-0.15.2-cp38-cp38-manylinux2010_x86_64.whl", hash = "sha256:d25c8eeb4720da41e7afbc404891e3a945b8bb6d5230e4c53d23ac4f4f9fc52c"},
    {file = "zstandard-0.15.2-cp38-cp38-manylinux2014_i686.whl", hash = "sha256:2353b61f249a5fc243aae3caa1207c80c7e6919a58b1f9992758fa496f61f839"},
    {file = "zstandard-0.15.2-cp38-cp38-manylinux2014_x86_64.whl", hash = "sha256:6cc162b5b6e3c40b223163a9ea86cd332bd352ddadb5fd142fc0706e5e4eaaff"},
    {file = "zstandard-0.15.2-cp38-cp38-win32.whl", hash = "sha256:94d0de65e37f5677165725f1fc7fb1616b9542d42a9832a9a0bdcba0ed68b63b"},
    {file = "zstandard-0.15.2-cp38-cp38-win_amd64.whl", hash = "sha256:b0975748bb6ec55b6d0f6665313c2cf7af6f536221dccd5879b967d76f6e7899"},
    {file = "zstandard-0.15.2-cp39-cp39-macosx_10_9_x86_64.whl", hash = "sha256:eda0719b29792f0fea04a853377cfff934660cb6cd72a0a0eeba7a1f0df4a16e"},
    {file = "zstandard-0.15.2-cp39-cp39-macosx_11_0_arm64.whl", hash = "sha256:8fb77dd152054c6685639d855693579a92f276b38b8003be5942de31d241ebfb"},
    {file = "zstandard-0.15.2-cp39-cp39-manylinux1_i686.whl", hash = "sha256:24cdcc6f297f7c978a40fb7706877ad33d8e28acc1786992a52199502d6da2a4"},
    {file = "zstandard-0.15.2-cp39-cp39-manylinux1_x86_64.whl", hash = "sha256:69b7a5720b8dfab9005a43c7ddb2e3ccacbb9a2442908ae4ed49dd51ab19698a"},
    {file = "zstandard-0.15.2-cp39-cp39-manylinux2010_i686.whl", hash = "sha256:dc8c03d0c5c10c200441ffb4cce46d869d9e5c4ef007f55856751dc288a2dffd"},
    {file = "zstandard-0.15.2-cp39-cp39-manylinux2010_x86_64.whl", hash = "sha256:3e1cd2db25117c5b7c7e86a17cde6104a93719a9df7cb099d7498e4c1d13ee5c"},
    {file = "zstandard-0.15.2-cp39-cp39-manylinux2014_i686.whl", hash = "sha256:ab9f19460dfa4c5dd25431b75bee28b5f018bf43476858d64b1aa1046196a2a0"},
    {file = "zstandard-0.15.2-cp39-cp39-manylinux2014_x86_64.whl", hash = "sha256:f36722144bc0a5068934e51dca5a38a5b4daac1be84f4423244277e4baf24e7a"},
    {file = "zstandard-0.15.2-cp39-cp39-win32.whl", hash = "sha256:378ac053c0cfc74d115cbb6ee181540f3e793c7cca8ed8cd3893e338af9e942c"},
    {file = "zstandard-0.15.2-cp39-cp39-win_amd64.whl", hash = "sha256:9ee3c992b93e26c2ae827404a626138588e30bdabaaf7aa3aa25082a4e718790"},
    {file = "zstandard-0.15.2.tar.gz", hash = "sha256:52de08355fd5cfb3ef4533891092bb96229d43c2069703d4aff04fdbedf9c92f"},
]
